
Microsoft Visual Studio Solution File, Format Version 12.00
# Visual Studio Version 16
VisualStudioVersion = 16.0.29215.179
MinimumVisualStudioVersion = 10.0.40219.1
Project("{FAE04EC0-301F-11D3-BF4B-00C04F79EFBC}") = "AlipioWes.News.Windows", "AlipioWes.News.Windows.csproj", "{0EBE9EDF-3FDD-4708-8C74-ACF40E102B5D}"
EndProject
Global
	GlobalSection(SolutionConfigurationPlatforms) = preSolution
		Debug|Any CPU = Debug|Any CPU
		Release|Any CPU = Release|Any CPU
	EndGlobalSection
	GlobalSection(ProjectConfigurationPlatforms) = postSolution
		{0EBE9EDF-3FDD-4708-8C74-ACF40E102B5D}.Debug|Any CPU.ActiveCfg = Debug|Any CPU
		{0EBE9EDF-3FDD-4708-8C74-ACF40E102B5D}.Debug|Any CPU.Build.0 = Debug|Any CPU
		{0EBE9EDF-3FDD-4708-8C74-ACF40E102B5D}.Release|Any CPU.ActiveCfg = Release|Any CPU
		{0EBE9EDF-3FDD-4708-8C74-ACF40E102B5D}.Release|Any CPU.Build.0 = Release|Any CPU
	EndGlobalSection
	GlobalSection(SolutionProperties) = preSolution
		HideSolutionNode = FALSE
	EndGlobalSection
	GlobalSection(ExtensibilityGlobals) = postSolution
		SolutionGuid = {F69AB7CB-91DA-43CF-A094-71F518B3064A}
	EndGlobalSection
EndGlobal
